
Microsoft Visual Studio Solution File, Format Version 12.00
# Visual Studio Version 16
VisualStudioVersion = 25.0.1700.6
MinimumVisualStudioVersion = 10.0.40219.1
Project("{FAE04EC0-301F-11D3-BF4B-00C04F79EFBC}") = "WebAPI", "EmployeeContacts\WebAPI.csproj", "{D9F12FB1-0B2C-449B-9A22-53F8AF091557}"
EndProject
Project("{FAE04EC0-301F-11D3-BF4B-00C04F79EFBC}") = "Domain", "Domain\Domain.csproj", "{89435CAC-547D-4DF1-8337-611CDB0C8A7E}"
EndProject
Project("{FAE04EC0-301F-11D3-BF4B-00C04F79EFBC}") = "Infrastructure", "Infrastructure\Infrastructure.csproj", "{DF06E666-A780-400D-BAC8-62C7FF468DFB}"
EndProject
Project("{FAE04EC0-301F-11D3-BF4B-00C04F79EFBC}") = "Application", "Application\Application.csproj", "{ACF4384E-4C6D-40AF-917B-AA50CA8F3507}"
EndProject
Global
	GlobalSection(SolutionConfigurationPlatforms) = preSolution
		Debug|Any CPU = Debug|Any CPU
		Release|Any CPU = Release|Any CPU
	EndGlobalSection
	GlobalSection(ProjectConfigurationPlatforms) = postSolution
		{D9F12FB1-0B2C-449B-9A22-53F8AF091557}.Debug|Any CPU.ActiveCfg = Debug|Any CPU
		{D9F12FB1-0B2C-449B-9A22-53F8AF091557}.Debug|Any CPU.Build.0 = Debug|Any CPU
		{D9F12FB1-0B2C-449B-9A22-53F8AF091557}.Release|Any CPU.ActiveCfg = Release|Any CPU
		{D9F12FB1-0B2C-449B-9A22-53F8AF091557}.Release|Any CPU.Build.0 = Release|Any CPU
		{89435CAC-547D-4DF1-8337-611CDB0C8A7E}.Debug|Any CPU.ActiveCfg = Debug|Any CPU
		{89435CAC-547D-4DF1-8337-611CDB0C8A7E}.Debug|Any CPU.Build.0 = Debug|Any CPU
		{89435CAC-547D-4DF1-8337-611CDB0C8A7E}.Release|Any CPU.ActiveCfg = Release|Any CPU
		{89435CAC-547D-4DF1-8337-611CDB0C8A7E}.Release|Any CPU.Build.0 = Release|Any CPU
		{DF06E666-A780-400D-BAC8-62C7FF468DFB}.Debug|Any CPU.ActiveCfg = Debug|Any CPU
		{DF06E666-A780-400D-BAC8-62C7FF468DFB}.Debug|Any CPU.Build.0 = Debug|Any CPU
		{DF06E666-A780-400D-BAC8-62C7FF468DFB}.Release|Any CPU.ActiveCfg = Release|Any CPU
		{DF06E666-A780-400D-BAC8-62C7FF468DFB}.Release|Any CPU.Build.0 = Release|Any CPU
		{ACF4384E-4C6D-40AF-917B-AA50CA8F3507}.Debug|Any CPU.ActiveCfg = Debug|Any CPU
		{ACF4384E-4C6D-40AF-917B-AA50CA8F3507}.Debug|Any CPU.Build.0 = Debug|Any CPU
		{ACF4384E-4C6D-40AF-917B-AA50CA8F3507}.Release|Any CPU.ActiveCfg = Release|Any CPU
		{ACF4384E-4C6D-40AF-917B-AA50CA8F3507}.Release|Any CPU.Build.0 = Release|Any CPU
	EndGlobalSection
	GlobalSection(SolutionProperties) = preSolution
		HideSolutionNode = FALSE
	EndGlobalSection
	GlobalSection(ExtensibilityGlobals) = postSolution
		SolutionGuid = {875E12A6-1994-47C5-AF74-9F9A0A0C9922}
	EndGlobalSection
EndGlobal
