
Microsoft Visual Studio Solution File, Format Version 12.00
# Visual Studio Version 16
VisualStudioVersion = 25.0.1700.6
MinimumVisualStudioVersion = 10.0.40219.1
Project("{FAE04EC0-301F-11D3-BF4B-00C04F79EFBC}") = "WebAPI", "EmployeeContacts\WebAPI.csproj", "{D9F12FB1-0B2C-449B-9A22-53F8AF091557}"
EndProject
Project("{FAE04EC0-301F-11D3-BF4B-00C04F79EFBC}") = "Application", "Application\Application.csproj", "{C015FFCB-F44B-4692-B44F-36254C0F8EE5}"
EndProject
Project("{FAE04EC0-301F-11D3-BF4B-00C04F79EFBC}") = "Domain", "Domain\Domain.csproj", "{FC9CB553-3EE5-475A-B2CC-62446195448C}"
EndProject
Project("{FAE04EC0-301F-11D3-BF4B-00C04F79EFBC}") = "Infrastructure", "Infrastructure\Infrastructure.csproj", "{AF2F8765-8A2A-49F2-AC11-DF6C602E3E94}"
EndProject
Global
	GlobalSection(SolutionConfigurationPlatforms) = preSolution
		Debug|Any CPU = Debug|Any CPU
		Release|Any CPU = Release|Any CPU
	EndGlobalSection
	GlobalSection(ProjectConfigurationPlatforms) = postSolution
		{D9F12FB1-0B2C-449B-9A22-53F8AF091557}.Debug|Any CPU.ActiveCfg = Debug|Any CPU
		{D9F12FB1-0B2C-449B-9A22-53F8AF091557}.Debug|Any CPU.Build.0 = Debug|Any CPU
		{D9F12FB1-0B2C-449B-9A22-53F8AF091557}.Release|Any CPU.ActiveCfg = Release|Any CPU
		{D9F12FB1-0B2C-449B-9A22-53F8AF091557}.Release|Any CPU.Build.0 = Release|Any CPU
		{C015FFCB-F44B-4692-B44F-36254C0F8EE5}.Debug|Any CPU.ActiveCfg = Debug|Any CPU
		{C015FFCB-F44B-4692-B44F-36254C0F8EE5}.Debug|Any CPU.Build.0 = Debug|Any CPU
		{C015FFCB-F44B-4692-B44F-36254C0F8EE5}.Release|Any CPU.ActiveCfg = Release|Any CPU
		{C015FFCB-F44B-4692-B44F-36254C0F8EE5}.Release|Any CPU.Build.0 = Release|Any CPU
		{FC9CB553-3EE5-475A-B2CC-62446195448C}.Debug|Any CPU.ActiveCfg = Debug|Any CPU
		{FC9CB553-3EE5-475A-B2CC-62446195448C}.Debug|Any CPU.Build.0 = Debug|Any CPU
		{FC9CB553-3EE5-475A-B2CC-62446195448C}.Release|Any CPU.ActiveCfg = Release|Any CPU
		{FC9CB553-3EE5-475A-B2CC-62446195448C}.Release|Any CPU.Build.0 = Release|Any CPU
		{AF2F8765-8A2A-49F2-AC11-DF6C602E3E94}.Debug|Any CPU.ActiveCfg = Debug|Any CPU
		{AF2F8765-8A2A-49F2-AC11-DF6C602E3E94}.Debug|Any CPU.Build.0 = Debug|Any CPU
		{AF2F8765-8A2A-49F2-AC11-DF6C602E3E94}.Release|Any CPU.ActiveCfg = Release|Any CPU
		{AF2F8765-8A2A-49F2-AC11-DF6C602E3E94}.Release|Any CPU.Build.0 = Release|Any CPU
	EndGlobalSection
	GlobalSection(SolutionProperties) = preSolution
		HideSolutionNode = FALSE
	EndGlobalSection
	GlobalSection(ExtensibilityGlobals) = postSolution
		SolutionGuid = {875E12A6-1994-47C5-AF74-9F9A0A0C9922}
	EndGlobalSection
EndGlobal
